
Microsoft Visual Studio Solution File, Format Version 12.00
# Visual Studio Version 17
VisualStudioVersion = 17.8.34330.188
MinimumVisualStudioVersion = 10.0.40219.1
Project("{FAE04EC0-301F-11D3-BF4B-00C04F79EFBC}") = "Bscframework.Core", "Bscframework.Core\Bscframework.Core.csproj", "{FB533475-399F-4A8E-B370-302D90C82EEC}"
EndProject
Project("{FAE04EC0-301F-11D3-BF4B-00C04F79EFBC}") = "Bscframework.EFCore", "Bscframework.EFCore\Bscframework.EFCore.csproj", "{D813A477-C3BE-47A6-ABFF-610E1ABFB079}"
EndProject
Global
	GlobalSection(SolutionConfigurationPlatforms) = preSolution
		Debug|Any CPU = Debug|Any CPU
		Release|Any CPU = Release|Any CPU
	EndGlobalSection
	GlobalSection(ProjectConfigurationPlatforms) = postSolution
		{FB533475-399F-4A8E-B370-302D90C82EEC}.Debug|Any CPU.ActiveCfg = Debug|Any CPU
		{FB533475-399F-4A8E-B370-302D90C82EEC}.Debug|Any CPU.Build.0 = Debug|Any CPU
		{FB533475-399F-4A8E-B370-302D90C82EEC}.Release|Any CPU.ActiveCfg = Release|Any CPU
		{FB533475-399F-4A8E-B370-302D90C82EEC}.Release|Any CPU.Build.0 = Release|Any CPU
		{D813A477-C3BE-47A6-ABFF-610E1ABFB079}.Debug|Any CPU.ActiveCfg = Debug|Any CPU
		{D813A477-C3BE-47A6-ABFF-610E1ABFB079}.Debug|Any CPU.Build.0 = Debug|Any CPU
		{D813A477-C3BE-47A6-ABFF-610E1ABFB079}.Release|Any CPU.ActiveCfg = Release|Any CPU
		{D813A477-C3BE-47A6-ABFF-610E1ABFB079}.Release|Any CPU.Build.0 = Release|Any CPU
	EndGlobalSection
	GlobalSection(SolutionProperties) = preSolution
		HideSolutionNode = FALSE
	EndGlobalSection
	GlobalSection(ExtensibilityGlobals) = postSolution
		SolutionGuid = {02861581-3E95-4C46-B05B-6B3994A9F6FA}
	EndGlobalSection
EndGlobal
